
Microsoft Visual Studio Solution File, Format Version 11.00
# Visual Studio 2010
Project("{FAE04EC0-301F-11D3-BF4B-00C04F79EFBC}") = "BBQRMS.Client", "BBQRMS.Client\BBQRMS.Client.csproj", "{5A24F37A-0B16-486C-B228-F010372DF362}"
EndProject
Project("{FAE04EC0-301F-11D3-BF4B-00C04F79EFBC}") = "BBQRMS.Server", "BBQRMS.Server\BBQRMS.Server.csproj", "{2A55183D-D6E4-473B-8554-2B9D3959E176}"
EndProject
Project("{F088123C-0E9E-452A-89E6-6BA2F21D5CAC}") = "BBQRMS.Models", "BBQRMSModels\BBQRMS.Models.modelproj", "{62C37D42-E0B8-4309-B1DC-097F4072CBAB}"
EndProject
Global
	GlobalSection(SolutionConfigurationPlatforms) = preSolution
		Debug|Any CPU = Debug|Any CPU
		Release|Any CPU = Release|Any CPU
	EndGlobalSection
	GlobalSection(ProjectConfigurationPlatforms) = postSolution
		{5A24F37A-0B16-486C-B228-F010372DF362}.Debug|Any CPU.ActiveCfg = Debug|Any CPU
		{5A24F37A-0B16-486C-B228-F010372DF362}.Debug|Any CPU.Build.0 = Debug|Any CPU
		{5A24F37A-0B16-486C-B228-F010372DF362}.Release|Any CPU.ActiveCfg = Release|Any CPU
		{5A24F37A-0B16-486C-B228-F010372DF362}.Release|Any CPU.Build.0 = Release|Any CPU
		{2A55183D-D6E4-473B-8554-2B9D3959E176}.Debug|Any CPU.ActiveCfg = Debug|Any CPU
		{2A55183D-D6E4-473B-8554-2B9D3959E176}.Debug|Any CPU.Build.0 = Debug|Any CPU
		{2A55183D-D6E4-473B-8554-2B9D3959E176}.Release|Any CPU.ActiveCfg = Release|Any CPU
		{2A55183D-D6E4-473B-8554-2B9D3959E176}.Release|Any CPU.Build.0 = Release|Any CPU
		{62C37D42-E0B8-4309-B1DC-097F4072CBAB}.Debug|Any CPU.ActiveCfg = Debug|Any CPU
		{62C37D42-E0B8-4309-B1DC-097F4072CBAB}.Debug|Any CPU.Build.0 = Debug|Any CPU
		{62C37D42-E0B8-4309-B1DC-097F4072CBAB}.Release|Any CPU.ActiveCfg = Release|Any CPU
		{62C37D42-E0B8-4309-B1DC-097F4072CBAB}.Release|Any CPU.Build.0 = Release|Any CPU
	EndGlobalSection
	GlobalSection(SolutionProperties) = preSolution
		HideSolutionNode = FALSE
	EndGlobalSection
EndGlobal
