
Microsoft Visual Studio Solution File, Format Version 11.00
# Visual Studio 2010
Project("{FAE04EC0-301F-11D3-BF4B-00C04F79EFBC}") = "BBQRMSSolution", "BBQRMSSolution\BBQRMSSolution.csproj", "{e1a1788c-2348-4df9-98ea-4d21d154ff1c}"
EndProject
Global
	GlobalSection(SolutionConfigurationPlatforms) = preSolution
		Debug|Any CPU = Debug|Any CPU
		Release|Any CPU = Release|Any CPU
	EndGlobalSection
	GlobalSection(ProjectConfigurationPlatforms) = postSolution
		{E1A1788C-2348-4DF9-98EA-4D21D154FF1C}.Debug|Any CPU.ActiveCfg = Debug|Any CPU
		{E1A1788C-2348-4DF9-98EA-4D21D154FF1C}.Debug|Any CPU.Build.0 = Debug|Any CPU
		{E1A1788C-2348-4DF9-98EA-4D21D154FF1C}.Release|Any CPU.ActiveCfg = Release|Any CPU
		{E1A1788C-2348-4DF9-98EA-4D21D154FF1C}.Release|Any CPU.Build.0 = Release|Any CPU
	EndGlobalSection
EndGlobal
