
Microsoft Visual Studio Solution File, Format Version 11.00
# Visual Studio 2010
Project("{FAE04EC0-301F-11D3-BF4B-00C04F79EFBC}") = "DataImporter", "DataImporter.csproj", "{69868F37-DE4D-47A3-A5E5-22EC10B0756C}"
EndProject
Global
	GlobalSection(SolutionConfigurationPlatforms) = preSolution
		Debug|x86 = Debug|x86
		Release|x86 = Release|x86
	EndGlobalSection
	GlobalSection(ProjectConfigurationPlatforms) = postSolution
		{69868F37-DE4D-47A3-A5E5-22EC10B0756C}.Debug|x86.ActiveCfg = Debug|x86
		{69868F37-DE4D-47A3-A5E5-22EC10B0756C}.Debug|x86.Build.0 = Debug|x86
		{69868F37-DE4D-47A3-A5E5-22EC10B0756C}.Release|x86.ActiveCfg = Release|x86
		{69868F37-DE4D-47A3-A5E5-22EC10B0756C}.Release|x86.Build.0 = Release|x86
	EndGlobalSection
	GlobalSection(SolutionProperties) = preSolution
		HideSolutionNode = FALSE
	EndGlobalSection
EndGlobal
